
Microsoft Visual Studio Solution File, Format Version 12.00
# Visual Studio Version 16
VisualStudioVersion = 16.0.30717.126
MinimumVisualStudioVersion = 10.0.40219.1
Project("{FAE04EC0-301F-11D3-BF4B-00C04F79EFBC}") = "ScrumTaskBoard.Entities", "ScrumTaskBoard.Entities\ScrumTaskBoard.Entities.csproj", "{4FB12915-CCA2-41B2-AD2D-16E8B0D97A5E}"
EndProject
Project("{FAE04EC0-301F-11D3-BF4B-00C04F79EFBC}") = "ScrumTaskBoard.DataAccess", "ScrumTaskBorad.DataAccess\ScrumTaskBoard.DataAccess.csproj", "{7539E56B-CDAE-4520-8142-7534ACF3BCDD}"
EndProject
Project("{FAE04EC0-301F-11D3-BF4B-00C04F79EFBC}") = "ScrumTaskBoard.Business", "ScrumTaskBoard.Business\ScrumTaskBoard.Business.csproj", "{1C0DD6B1-F245-41B9-B87F-FE0E26539F3E}"
EndProject
Project("{FAE04EC0-301F-11D3-BF4B-00C04F79EFBC}") = "ScrumTaskBoard.WebFormsUI", "ScrumTaskBoard.WebFormsUI\ScrumTaskBoard.WebFormsUI.csproj", "{223AFC87-F511-4C4E-9640-52C26009ADDF}"
EndProject
Project("{FAE04EC0-301F-11D3-BF4B-00C04F79EFBC}") = "UnitTestProject1", "UnitTestProject1\UnitTestProject1.csproj", "{3A74F237-B6F1-4759-9EA7-CB89DFEEDDBE}"
EndProject
Global
	GlobalSection(SolutionConfigurationPlatforms) = preSolution
		Debug|Any CPU = Debug|Any CPU
		Release|Any CPU = Release|Any CPU
	EndGlobalSection
	GlobalSection(ProjectConfigurationPlatforms) = postSolution
		{4FB12915-CCA2-41B2-AD2D-16E8B0D97A5E}.Debug|Any CPU.ActiveCfg = Debug|Any CPU
		{4FB12915-CCA2-41B2-AD2D-16E8B0D97A5E}.Debug|Any CPU.Build.0 = Debug|Any CPU
		{4FB12915-CCA2-41B2-AD2D-16E8B0D97A5E}.Release|Any CPU.ActiveCfg = Release|Any CPU
		{4FB12915-CCA2-41B2-AD2D-16E8B0D97A5E}.Release|Any CPU.Build.0 = Release|Any CPU
		{7539E56B-CDAE-4520-8142-7534ACF3BCDD}.Debug|Any CPU.ActiveCfg = Debug|Any CPU
		{7539E56B-CDAE-4520-8142-7534ACF3BCDD}.Debug|Any CPU.Build.0 = Debug|Any CPU
		{7539E56B-CDAE-4520-8142-7534ACF3BCDD}.Release|Any CPU.ActiveCfg = Release|Any CPU
		{7539E56B-CDAE-4520-8142-7534ACF3BCDD}.Release|Any CPU.Build.0 = Release|Any CPU
		{1C0DD6B1-F245-41B9-B87F-FE0E26539F3E}.Debug|Any CPU.ActiveCfg = Debug|Any CPU
		{1C0DD6B1-F245-41B9-B87F-FE0E26539F3E}.Debug|Any CPU.Build.0 = Debug|Any CPU
		{1C0DD6B1-F245-41B9-B87F-FE0E26539F3E}.Release|Any CPU.ActiveCfg = Release|Any CPU
		{1C0DD6B1-F245-41B9-B87F-FE0E26539F3E}.Release|Any CPU.Build.0 = Release|Any CPU
		{223AFC87-F511-4C4E-9640-52C26009ADDF}.Debug|Any CPU.ActiveCfg = Debug|Any CPU
		{223AFC87-F511-4C4E-9640-52C26009ADDF}.Debug|Any CPU.Build.0 = Debug|Any CPU
		{223AFC87-F511-4C4E-9640-52C26009ADDF}.Release|Any CPU.ActiveCfg = Release|Any CPU
		{223AFC87-F511-4C4E-9640-52C26009ADDF}.Release|Any CPU.Build.0 = Release|Any CPU
		{3A74F237-B6F1-4759-9EA7-CB89DFEEDDBE}.Debug|Any CPU.ActiveCfg = Debug|Any CPU
		{3A74F237-B6F1-4759-9EA7-CB89DFEEDDBE}.Debug|Any CPU.Build.0 = Debug|Any CPU
		{3A74F237-B6F1-4759-9EA7-CB89DFEEDDBE}.Release|Any CPU.ActiveCfg = Release|Any CPU
		{3A74F237-B6F1-4759-9EA7-CB89DFEEDDBE}.Release|Any CPU.Build.0 = Release|Any CPU
	EndGlobalSection
	GlobalSection(SolutionProperties) = preSolution
		HideSolutionNode = FALSE
	EndGlobalSection
	GlobalSection(ExtensibilityGlobals) = postSolution
		SolutionGuid = {E3274FE3-D38A-44ED-B2AA-92939EA3B2A2}
	EndGlobalSection
EndGlobal
